
Microsoft Visual Studio Solution File, Format Version 12.00
# Visual Studio 14
VisualStudioVersion = 14.0.25420.1
MinimumVisualStudioVersion = 10.0.40219.1
Project("{FAE04EC0-301F-11D3-BF4B-00C04F79EFBC}") = "WebApplication1", "WebApplication1\WebApplication1.csproj", "{C56EFB93-6BC9-4B91-B666-BF1A71753C52}"
EndProject
Global
	GlobalSection(SolutionConfigurationPlatforms) = preSolution
		Debug|Any CPU = Debug|Any CPU
		Release|Any CPU = Release|Any CPU
	EndGlobalSection
	GlobalSection(ProjectConfigurationPlatforms) = postSolution
		{C56EFB93-6BC9-4B91-B666-BF1A71753C52}.Debug|Any CPU.ActiveCfg = Debug|Any CPU
		{C56EFB93-6BC9-4B91-B666-BF1A71753C52}.Debug|Any CPU.Build.0 = Debug|Any CPU
		{C56EFB93-6BC9-4B91-B666-BF1A71753C52}.Release|Any CPU.ActiveCfg = Release|Any CPU
		{C56EFB93-6BC9-4B91-B666-BF1A71753C52}.Release|Any CPU.Build.0 = Release|Any CPU
	EndGlobalSection
	GlobalSection(SolutionProperties) = preSolution
		HideSolutionNode = FALSE
	EndGlobalSection
EndGlobal
